
Microsoft Visual Studio Solution File, Format Version 12.00
# Visual Studio Version 17
VisualStudioVersion = 17.5.2.0
MinimumVisualStudioVersion = 10.0.40219.1
Project("{FAE04EC0-301F-11D3-BF4B-00C04F79EFBC}") = "Johannes", "Johannes\johannes.csproj", "{AD10BD51-648F-E26A-381C-7E3030D0BB06}"
EndProject
Project("{FAE04EC0-301F-11D3-BF4B-00C04F79EFBC}") = "Johannes.Tests", "Johannes.Tests\Johannes.Tests.csproj", "{CD111DE3-C2B2-4CCE-89FB-3B8DB1F72C0A}"
EndProject
Global
	GlobalSection(SolutionConfigurationPlatforms) = preSolution
		Debug|Any CPU = Debug|Any CPU
		Debug|x64 = Debug|x64
		Debug|x86 = Debug|x86
		Release|Any CPU = Release|Any CPU
		Release|x64 = Release|x64
		Release|x86 = Release|x86
	EndGlobalSection
	GlobalSection(ProjectConfigurationPlatforms) = postSolution
		{AD10BD51-648F-E26A-381C-7E3030D0BB06}.Debug|Any CPU.ActiveCfg = Debug|Any CPU
		{AD10BD51-648F-E26A-381C-7E3030D0BB06}.Debug|Any CPU.Build.0 = Debug|Any CPU
		{AD10BD51-648F-E26A-381C-7E3030D0BB06}.Debug|x64.ActiveCfg = Debug|Any CPU
		{AD10BD51-648F-E26A-381C-7E3030D0BB06}.Debug|x64.Build.0 = Debug|Any CPU
		{AD10BD51-648F-E26A-381C-7E3030D0BB06}.Debug|x86.ActiveCfg = Debug|Any CPU
		{AD10BD51-648F-E26A-381C-7E3030D0BB06}.Debug|x86.Build.0 = Debug|Any CPU
		{AD10BD51-648F-E26A-381C-7E3030D0BB06}.Release|Any CPU.ActiveCfg = Release|Any CPU
		{AD10BD51-648F-E26A-381C-7E3030D0BB06}.Release|Any CPU.Build.0 = Release|Any CPU
		{AD10BD51-648F-E26A-381C-7E3030D0BB06}.Release|x64.ActiveCfg = Release|Any CPU
		{AD10BD51-648F-E26A-381C-7E3030D0BB06}.Release|x64.Build.0 = Release|Any CPU
		{AD10BD51-648F-E26A-381C-7E3030D0BB06}.Release|x86.ActiveCfg = Release|Any CPU
		{AD10BD51-648F-E26A-381C-7E3030D0BB06}.Release|x86.Build.0 = Release|Any CPU
		{CD111DE3-C2B2-4CCE-89FB-3B8DB1F72C0A}.Debug|Any CPU.ActiveCfg = Debug|Any CPU
		{CD111DE3-C2B2-4CCE-89FB-3B8DB1F72C0A}.Debug|Any CPU.Build.0 = Debug|Any CPU
		{CD111DE3-C2B2-4CCE-89FB-3B8DB1F72C0A}.Debug|x64.ActiveCfg = Debug|Any CPU
		{CD111DE3-C2B2-4CCE-89FB-3B8DB1F72C0A}.Debug|x64.Build.0 = Debug|Any CPU
		{CD111DE3-C2B2-4CCE-89FB-3B8DB1F72C0A}.Debug|x86.ActiveCfg = Debug|Any CPU
		{CD111DE3-C2B2-4CCE-89FB-3B8DB1F72C0A}.Debug|x86.Build.0 = Debug|Any CPU
		{CD111DE3-C2B2-4CCE-89FB-3B8DB1F72C0A}.Release|Any CPU.ActiveCfg = Release|Any CPU
		{CD111DE3-C2B2-4CCE-89FB-3B8DB1F72C0A}.Release|Any CPU.Build.0 = Release|Any CPU
		{CD111DE3-C2B2-4CCE-89FB-3B8DB1F72C0A}.Release|x64.ActiveCfg = Release|Any CPU
		{CD111DE3-C2B2-4CCE-89FB-3B8DB1F72C0A}.Release|x64.Build.0 = Release|Any CPU
		{CD111DE3-C2B2-4CCE-89FB-3B8DB1F72C0A}.Release|x86.ActiveCfg = Release|Any CPU
		{CD111DE3-C2B2-4CCE-89FB-3B8DB1F72C0A}.Release|x86.Build.0 = Release|Any CPU
	EndGlobalSection
	GlobalSection(SolutionProperties) = preSolution
		HideSolutionNode = FALSE
	EndGlobalSection
	GlobalSection(ExtensibilityGlobals) = postSolution
		SolutionGuid = {F4061B52-64F9-4D8D-9DB2-B877DFB4EF63}
	EndGlobalSection
EndGlobal
